
Microsoft Visual Studio Solution File, Format Version 12.00
# Visual Studio Version 16
VisualStudioVersion = 16.0.30611.23
MinimumVisualStudioVersion = 10.0.40219.1
Project("{FAE04EC0-301F-11D3-BF4B-00C04F79EFBC}") = "Pertemuan3_Thread", "Pertemuan3_Thread\Pertemuan3_Thread.csproj", "{9CC6D251-0D79-4686-945C-A58C1E35A607}"
EndProject
Global
	GlobalSection(SolutionConfigurationPlatforms) = preSolution
		Debug|Any CPU = Debug|Any CPU
		Release|Any CPU = Release|Any CPU
	EndGlobalSection
	GlobalSection(ProjectConfigurationPlatforms) = postSolution
		{9CC6D251-0D79-4686-945C-A58C1E35A607}.Debug|Any CPU.ActiveCfg = Debug|Any CPU
		{9CC6D251-0D79-4686-945C-A58C1E35A607}.Debug|Any CPU.Build.0 = Debug|Any CPU
		{9CC6D251-0D79-4686-945C-A58C1E35A607}.Release|Any CPU.ActiveCfg = Release|Any CPU
		{9CC6D251-0D79-4686-945C-A58C1E35A607}.Release|Any CPU.Build.0 = Release|Any CPU
	EndGlobalSection
	GlobalSection(SolutionProperties) = preSolution
		HideSolutionNode = FALSE
	EndGlobalSection
	GlobalSection(ExtensibilityGlobals) = postSolution
		SolutionGuid = {465C9637-8F9C-4821-956E-6473014A3EC0}
	EndGlobalSection
EndGlobal
