
Microsoft Visual Studio Solution File, Format Version 12.00
# Visual Studio Version 17
VisualStudioVersion = 17.1.32407.343
MinimumVisualStudioVersion = 10.0.40219.1
Project("{FAE04EC0-301F-11D3-BF4B-00C04F79EFBC}") = "WebClientSuhu", "WebClientSuhu.csproj", "{023E15DA-C58B-46C4-B4B3-299FDDF9DB50}"
EndProject
Global
	GlobalSection(SolutionConfigurationPlatforms) = preSolution
		Debug|Any CPU = Debug|Any CPU
		Release|Any CPU = Release|Any CPU
	EndGlobalSection
	GlobalSection(ProjectConfigurationPlatforms) = postSolution
		{023E15DA-C58B-46C4-B4B3-299FDDF9DB50}.Debug|Any CPU.ActiveCfg = Debug|Any CPU
		{023E15DA-C58B-46C4-B4B3-299FDDF9DB50}.Debug|Any CPU.Build.0 = Debug|Any CPU
		{023E15DA-C58B-46C4-B4B3-299FDDF9DB50}.Release|Any CPU.ActiveCfg = Release|Any CPU
		{023E15DA-C58B-46C4-B4B3-299FDDF9DB50}.Release|Any CPU.Build.0 = Release|Any CPU
	EndGlobalSection
	GlobalSection(SolutionProperties) = preSolution
		HideSolutionNode = FALSE
	EndGlobalSection
	GlobalSection(ExtensibilityGlobals) = postSolution
		SolutionGuid = {0D968952-08B8-49B0-B170-845DDE012EAB}
	EndGlobalSection
EndGlobal
