
Microsoft Visual Studio Solution File, Format Version 12.00
# Visual Studio Version 17
VisualStudioVersion = 17.1.32407.343
MinimumVisualStudioVersion = 10.0.40219.1
Project("{FAE04EC0-301F-11D3-BF4B-00C04F79EFBC}") = "ExerciseSiter6", "ExerciseSiter6.csproj", "{58825187-A378-4458-893F-2F78B9B6BA78}"
EndProject
Global
	GlobalSection(SolutionConfigurationPlatforms) = preSolution
		Debug|Any CPU = Debug|Any CPU
		Release|Any CPU = Release|Any CPU
	EndGlobalSection
	GlobalSection(ProjectConfigurationPlatforms) = postSolution
		{58825187-A378-4458-893F-2F78B9B6BA78}.Debug|Any CPU.ActiveCfg = Debug|Any CPU
		{58825187-A378-4458-893F-2F78B9B6BA78}.Debug|Any CPU.Build.0 = Debug|Any CPU
		{58825187-A378-4458-893F-2F78B9B6BA78}.Release|Any CPU.ActiveCfg = Release|Any CPU
		{58825187-A378-4458-893F-2F78B9B6BA78}.Release|Any CPU.Build.0 = Release|Any CPU
	EndGlobalSection
	GlobalSection(SolutionProperties) = preSolution
		HideSolutionNode = FALSE
	EndGlobalSection
	GlobalSection(ExtensibilityGlobals) = postSolution
		SolutionGuid = {DCB456A6-D609-44E5-A8B7-C9B7EB5F3B0A}
	EndGlobalSection
EndGlobal
